
Microsoft Visual Studio Solution File, Format Version 12.00
# Visual Studio Version 16
VisualStudioVersion = 16.0.29306.81
MinimumVisualStudioVersion = 10.0.40219.1
Project("{FAE04EC0-301F-11D3-BF4B-00C04F79EFBC}") = "FashionSales", "FashionSales.csproj", "{34FEB41F-4716-42D7-8AD1-EBD246F38837}"
EndProject
Global
	GlobalSection(SolutionConfigurationPlatforms) = preSolution
		Debug|Any CPU = Debug|Any CPU
		Release|Any CPU = Release|Any CPU
	EndGlobalSection
	GlobalSection(ProjectConfigurationPlatforms) = postSolution
		{34FEB41F-4716-42D7-8AD1-EBD246F38837}.Debug|Any CPU.ActiveCfg = Debug|Any CPU
		{34FEB41F-4716-42D7-8AD1-EBD246F38837}.Debug|Any CPU.Build.0 = Debug|Any CPU
		{34FEB41F-4716-42D7-8AD1-EBD246F38837}.Release|Any CPU.ActiveCfg = Release|Any CPU
		{34FEB41F-4716-42D7-8AD1-EBD246F38837}.Release|Any CPU.Build.0 = Release|Any CPU
	EndGlobalSection
	GlobalSection(SolutionProperties) = preSolution
		HideSolutionNode = FALSE
	EndGlobalSection
	GlobalSection(ExtensibilityGlobals) = postSolution
		SolutionGuid = {75B9823B-CAB1-4DD6-98C5-05A3037FFF21}
	EndGlobalSection
EndGlobal
